
Microsoft Visual Studio Solution File, Format Version 12.00
# Visual Studio 15
VisualStudioVersion = 15.0.28307.1145
MinimumVisualStudioVersion = 10.0.40219.1
Project("{FAE04EC0-301F-11D3-BF4B-00C04F79EFBC}") = "Login", "LoginAspNet\Login.csproj", "{C9ADF9EC-0DC5-45BB-A81F-AC044913D380}"
EndProject
Global
	GlobalSection(SolutionConfigurationPlatforms) = preSolution
		Debug|Any CPU = Debug|Any CPU
		Release|Any CPU = Release|Any CPU
	EndGlobalSection
	GlobalSection(ProjectConfigurationPlatforms) = postSolution
		{C9ADF9EC-0DC5-45BB-A81F-AC044913D380}.Debug|Any CPU.ActiveCfg = Debug|Any CPU
		{C9ADF9EC-0DC5-45BB-A81F-AC044913D380}.Debug|Any CPU.Build.0 = Debug|Any CPU
		{C9ADF9EC-0DC5-45BB-A81F-AC044913D380}.Release|Any CPU.ActiveCfg = Release|Any CPU
		{C9ADF9EC-0DC5-45BB-A81F-AC044913D380}.Release|Any CPU.Build.0 = Release|Any CPU
	EndGlobalSection
	GlobalSection(SolutionProperties) = preSolution
		HideSolutionNode = FALSE
	EndGlobalSection
	GlobalSection(ExtensibilityGlobals) = postSolution
		SolutionGuid = {37B99020-C90E-46A8-A17F-5D0395CEB16D}
	EndGlobalSection
EndGlobal
